
Microsoft Visual Studio Solution File, Format Version 12.00
# Visual Studio Version 16
VisualStudioVersion = 16.0.29613.14
MinimumVisualStudioVersion = 10.0.40219.1
Project("{FAE04EC0-301F-11D3-BF4B-00C04F79EFBC}") = "BakingWithOOGoodness.Lib", "BakingWithOOGoodness.Lib\BakingWithOOGoodness.Lib.csproj", "{323DD4F6-740A-44E6-8D87-1427448E1639}"
EndProject
Project("{FAE04EC0-301F-11D3-BF4B-00C04F79EFBC}") = "BakingWithOOGoodness.TestDrive", "BakingWithOOGoodness.TestDrive\BakingWithOOGoodness.TestDrive.csproj", "{5C665417-AFD1-4865-B246-BD1969BEB7A9}"
EndProject
Global
	GlobalSection(SolutionConfigurationPlatforms) = preSolution
		Debug|Any CPU = Debug|Any CPU
		Release|Any CPU = Release|Any CPU
	EndGlobalSection
	GlobalSection(ProjectConfigurationPlatforms) = postSolution
		{323DD4F6-740A-44E6-8D87-1427448E1639}.Debug|Any CPU.ActiveCfg = Debug|Any CPU
		{323DD4F6-740A-44E6-8D87-1427448E1639}.Debug|Any CPU.Build.0 = Debug|Any CPU
		{323DD4F6-740A-44E6-8D87-1427448E1639}.Release|Any CPU.ActiveCfg = Release|Any CPU
		{323DD4F6-740A-44E6-8D87-1427448E1639}.Release|Any CPU.Build.0 = Release|Any CPU
		{5C665417-AFD1-4865-B246-BD1969BEB7A9}.Debug|Any CPU.ActiveCfg = Debug|Any CPU
		{5C665417-AFD1-4865-B246-BD1969BEB7A9}.Debug|Any CPU.Build.0 = Debug|Any CPU
		{5C665417-AFD1-4865-B246-BD1969BEB7A9}.Release|Any CPU.ActiveCfg = Release|Any CPU
		{5C665417-AFD1-4865-B246-BD1969BEB7A9}.Release|Any CPU.Build.0 = Release|Any CPU
	EndGlobalSection
	GlobalSection(SolutionProperties) = preSolution
		HideSolutionNode = FALSE
	EndGlobalSection
	GlobalSection(ExtensibilityGlobals) = postSolution
		SolutionGuid = {F1C12BDB-6C27-45F7-A2E1-B7CC100FEC53}
	EndGlobalSection
EndGlobal
