
Microsoft Visual Studio Solution File, Format Version 12.00
# Visual Studio Version 16
VisualStudioVersion = 16.0.29613.14
MinimumVisualStudioVersion = 10.0.40219.1
Project("{FAE04EC0-301F-11D3-BF4B-00C04F79EFBC}") = "WellManagedCollections.Lib", "WellManagedCollections.Lib\WellManagedCollections.Lib.csproj", "{D76A457B-1622-46AB-A56C-2C6AD33E1A23}"
EndProject
Project("{FAE04EC0-301F-11D3-BF4B-00C04F79EFBC}") = "WellManagedCollections.TestDrive", "WellManagedCollections.TestDrive\WellManagedCollections.TestDrive.csproj", "{90E6554C-60CE-4D04-80BC-5E79E522A445}"
EndProject
Global
	GlobalSection(SolutionConfigurationPlatforms) = preSolution
		Debug|Any CPU = Debug|Any CPU
		Release|Any CPU = Release|Any CPU
	EndGlobalSection
	GlobalSection(ProjectConfigurationPlatforms) = postSolution
		{D76A457B-1622-46AB-A56C-2C6AD33E1A23}.Debug|Any CPU.ActiveCfg = Debug|Any CPU
		{D76A457B-1622-46AB-A56C-2C6AD33E1A23}.Debug|Any CPU.Build.0 = Debug|Any CPU
		{D76A457B-1622-46AB-A56C-2C6AD33E1A23}.Release|Any CPU.ActiveCfg = Release|Any CPU
		{D76A457B-1622-46AB-A56C-2C6AD33E1A23}.Release|Any CPU.Build.0 = Release|Any CPU
		{ACCCE24C-4DFA-494E-99E0-767A1D0537C7}.Debug|Any CPU.ActiveCfg = Debug|Any CPU
		{ACCCE24C-4DFA-494E-99E0-767A1D0537C7}.Debug|Any CPU.Build.0 = Debug|Any CPU
		{ACCCE24C-4DFA-494E-99E0-767A1D0537C7}.Release|Any CPU.ActiveCfg = Release|Any CPU
		{ACCCE24C-4DFA-494E-99E0-767A1D0537C7}.Release|Any CPU.Build.0 = Release|Any CPU
		{90E6554C-60CE-4D04-80BC-5E79E522A445}.Debug|Any CPU.ActiveCfg = Debug|Any CPU
		{90E6554C-60CE-4D04-80BC-5E79E522A445}.Debug|Any CPU.Build.0 = Debug|Any CPU
		{90E6554C-60CE-4D04-80BC-5E79E522A445}.Release|Any CPU.ActiveCfg = Release|Any CPU
		{90E6554C-60CE-4D04-80BC-5E79E522A445}.Release|Any CPU.Build.0 = Release|Any CPU
	EndGlobalSection
	GlobalSection(SolutionProperties) = preSolution
		HideSolutionNode = FALSE
	EndGlobalSection
	GlobalSection(ExtensibilityGlobals) = postSolution
		SolutionGuid = {9F892918-4ECE-4892-86C3-063BF309390F}
	EndGlobalSection
EndGlobal
