
Microsoft Visual Studio Solution File, Format Version 12.00
# Visual Studio Version 16
VisualStudioVersion = 16.0.29609.76
MinimumVisualStudioVersion = 10.0.40219.1
Project("{FAE04EC0-301F-11D3-BF4B-00C04F79EFBC}") = "ChocOHolic.Lib", "ChocOHolic.Lib\ChocOHolic.Lib.csproj", "{FCF712A4-5544-4872-A6DE-1AAD47B0F187}"
EndProject
Global
	GlobalSection(SolutionConfigurationPlatforms) = preSolution
		Debug|Any CPU = Debug|Any CPU
		Release|Any CPU = Release|Any CPU
	EndGlobalSection
	GlobalSection(ProjectConfigurationPlatforms) = postSolution
		{FCF712A4-5544-4872-A6DE-1AAD47B0F187}.Debug|Any CPU.ActiveCfg = Debug|Any CPU
		{FCF712A4-5544-4872-A6DE-1AAD47B0F187}.Debug|Any CPU.Build.0 = Debug|Any CPU
		{FCF712A4-5544-4872-A6DE-1AAD47B0F187}.Release|Any CPU.ActiveCfg = Release|Any CPU
		{FCF712A4-5544-4872-A6DE-1AAD47B0F187}.Release|Any CPU.Build.0 = Release|Any CPU
	EndGlobalSection
	GlobalSection(SolutionProperties) = preSolution
		HideSolutionNode = FALSE
	EndGlobalSection
	GlobalSection(ExtensibilityGlobals) = postSolution
		SolutionGuid = {C90227E2-4E89-45D7-A515-04087FB9F865}
	EndGlobalSection
EndGlobal
