
Microsoft Visual Studio Solution File, Format Version 12.00
# Visual Studio Version 16
VisualStudioVersion = 16.0.29609.76
MinimumVisualStudioVersion = 10.0.40219.1
Project("{FAE04EC0-301F-11D3-BF4B-00C04F79EFBC}") = "StarbuzzCoffee.Common", "StarbuzzCoffee.Common\StarbuzzCoffee.Common.csproj", "{1726D312-5C6B-4178-A921-0CFF03B5D349}"
EndProject
Project("{FAE04EC0-301F-11D3-BF4B-00C04F79EFBC}") = "StarbuzzCoffee.ConsoleApp", "StarbuzzCoffee.ConsoleApp\StarbuzzCoffee.ConsoleApp.csproj", "{B239FB15-F24E-4092-BFBB-82E5477E3287}"
EndProject
Global
	GlobalSection(SolutionConfigurationPlatforms) = preSolution
		Debug|Any CPU = Debug|Any CPU
		Release|Any CPU = Release|Any CPU
	EndGlobalSection
	GlobalSection(ProjectConfigurationPlatforms) = postSolution
		{1726D312-5C6B-4178-A921-0CFF03B5D349}.Debug|Any CPU.ActiveCfg = Debug|Any CPU
		{1726D312-5C6B-4178-A921-0CFF03B5D349}.Debug|Any CPU.Build.0 = Debug|Any CPU
		{1726D312-5C6B-4178-A921-0CFF03B5D349}.Release|Any CPU.ActiveCfg = Release|Any CPU
		{1726D312-5C6B-4178-A921-0CFF03B5D349}.Release|Any CPU.Build.0 = Release|Any CPU
		{B239FB15-F24E-4092-BFBB-82E5477E3287}.Debug|Any CPU.ActiveCfg = Debug|Any CPU
		{B239FB15-F24E-4092-BFBB-82E5477E3287}.Debug|Any CPU.Build.0 = Debug|Any CPU
		{B239FB15-F24E-4092-BFBB-82E5477E3287}.Release|Any CPU.ActiveCfg = Release|Any CPU
		{B239FB15-F24E-4092-BFBB-82E5477E3287}.Release|Any CPU.Build.0 = Release|Any CPU
	EndGlobalSection
	GlobalSection(SolutionProperties) = preSolution
		HideSolutionNode = FALSE
	EndGlobalSection
	GlobalSection(ExtensibilityGlobals) = postSolution
		SolutionGuid = {91506FCF-0870-4980-8CA9-05E04A7A3615}
	EndGlobalSection
EndGlobal
