
Microsoft Visual Studio Solution File, Format Version 12.00
# Visual Studio Version 16
VisualStudioVersion = 16.0.29609.76
MinimumVisualStudioVersion = 10.0.40219.1
Project("{FAE04EC0-301F-11D3-BF4B-00C04F79EFBC}") = "WeatherORama.WeatherStation", "WeatherORama.WeatherStation\WeatherORama.WeatherStation.csproj", "{7F073ECF-20DF-489D-897F-693A631E49D9}"
EndProject
Project("{FAE04EC0-301F-11D3-BF4B-00C04F79EFBC}") = "WeatherORama.Common", "WeatherORama.Common\WeatherORama.Common.csproj", "{196D3B61-329B-4178-B4CB-7C709A04FACD}"
EndProject
Global
	GlobalSection(SolutionConfigurationPlatforms) = preSolution
		Debug|Any CPU = Debug|Any CPU
		Release|Any CPU = Release|Any CPU
	EndGlobalSection
	GlobalSection(ProjectConfigurationPlatforms) = postSolution
		{7F073ECF-20DF-489D-897F-693A631E49D9}.Debug|Any CPU.ActiveCfg = Debug|Any CPU
		{7F073ECF-20DF-489D-897F-693A631E49D9}.Debug|Any CPU.Build.0 = Debug|Any CPU
		{7F073ECF-20DF-489D-897F-693A631E49D9}.Release|Any CPU.ActiveCfg = Release|Any CPU
		{7F073ECF-20DF-489D-897F-693A631E49D9}.Release|Any CPU.Build.0 = Release|Any CPU
		{196D3B61-329B-4178-B4CB-7C709A04FACD}.Debug|Any CPU.ActiveCfg = Debug|Any CPU
		{196D3B61-329B-4178-B4CB-7C709A04FACD}.Debug|Any CPU.Build.0 = Debug|Any CPU
		{196D3B61-329B-4178-B4CB-7C709A04FACD}.Release|Any CPU.ActiveCfg = Release|Any CPU
		{196D3B61-329B-4178-B4CB-7C709A04FACD}.Release|Any CPU.Build.0 = Release|Any CPU
	EndGlobalSection
	GlobalSection(SolutionProperties) = preSolution
		HideSolutionNode = FALSE
	EndGlobalSection
	GlobalSection(ExtensibilityGlobals) = postSolution
		SolutionGuid = {51F7F771-1458-46D2-B6FA-5606AC296026}
	EndGlobalSection
EndGlobal
